{
  "version": "5",
  "specifiers": {
    "jsr:@std/assert@1": "1.0.16",
    "jsr:@std/cli@^1.0.24": "1.0.24",
    "jsr:@std/internal@^1.0.12": "1.0.12",
    "npm:@types/culori@^4.0.1": "4.0.1",
    "npm:culori@^4.0.1": "4.0.2",
    "npm:fast-xml-parser@^5.3.2": "5.3.2"
  },
  "jsr": {
    "@std/assert@1.0.16": {
      "integrity": "6a7272ed1eaa77defe76e5ff63ca705d9c495077e2d5fd0126d2b53fc5bd6532",
      "dependencies": [
        "jsr:@std/internal"
      ]
    },
    "@std/cli@1.0.24": {
      "integrity": "b655a5beb26aa94f98add6bc8889f5fb9bc3ee2cc3fc954e151201f4c4200a5e",
      "dependencies": [
        "jsr:@std/internal"
      ]
    },
    "@std/internal@1.0.12": {
      "integrity": "972a634fd5bc34b242024402972cd5143eac68d8dffaca5eaa4dba30ce17b027"
    }
  },
  "npm": {
    "@types/culori@4.0.1": {
      "integrity": "sha512-43M51r/22CjhbOXyGT361GZ9vncSVQ39u62x5eJdBQFviI8zWp2X5jzqg7k4M6PVgDQAClpy2bUe2dtwEgEDVQ=="
    },
    "culori@4.0.2": {
      "integrity": "sha512-1+BhOB8ahCn4O0cep0Sh2l9KCOfOdY+BXJnKMHFFzDEouSr/el18QwXEMRlOj9UY5nCeA8UN3a/82rUWRBeyBw=="
    },
    "fast-xml-parser@5.3.2": {
      "integrity": "sha512-n8v8b6p4Z1sMgqRmqLJm3awW4NX7NkaKPfb3uJIBTSH7Pdvufi3PQ3/lJLQrvxcMYl7JI2jnDO90siPEpD8JBA==",
      "dependencies": [
        "strnum"
      ],
      "bin": true
    },
    "strnum@2.1.1": {
      "integrity": "sha512-7ZvoFTiCnGxBtDqJ//Cu6fWtZtc7Y3x+QOirG15wztbdngGSkht27o2pyGWrVy0b4WAy3jbKmnoK6g5VlVNUUw=="
    }
  },
  "remote": {
    "https://cdn.skypack.dev/-/lodash@v4.17.21-Nu3N9b7agjt3Q6ZuOQVe/dist=es2019,mode=imports/optimized/lodash.js": "10c4df47937ffc78548d136dd535a021df5f57182a653260d715c0690dd22978",
    "https://cdn.skypack.dev/lodash?dts": "292f02ab67c095ea852fbe9973f6b471747ef41f3b38c2082ce8b1968bcb47bd"
  },
  "workspace": {
    "dependencies": [
      "jsr:@std/assert@1",
      "jsr:@std/cli@^1.0.24",
      "npm:@types/culori@^4.0.1",
      "npm:culori@^4.0.1",
      "npm:fast-xml-parser@^5.3.2"
    ]
  }
}
